
Microsoft Visual Studio Solution File, Format Version 12.00
# Visual Studio Version 17
VisualStudioVersion = 17.10.34707.107
MinimumVisualStudioVersion = 10.0.40219.1
Project("{F184B08F-C81C-45F6-A57F-5ABD9991F28F}") = "hhmhqueuingsystem", "WMMCQueueManagementSystem\hhmhqueuingsystem.vbproj", "{8FA43C8F-DA99-4A0A-81A9-15819817323F}"
EndProject
Global
	GlobalSection(SolutionConfigurationPlatforms) = preSolution
		Debug|Any CPU = Debug|Any CPU
		Debug|x64 = Debug|x64
		Debug|x86 = Debug|x86
		Release|Any CPU = Release|Any CPU
		Release|x64 = Release|x64
		Release|x86 = Release|x86
	EndGlobalSection
	GlobalSection(ProjectConfigurationPlatforms) = postSolution
		{8FA43C8F-DA99-4A0A-81A9-15819817323F}.Debug|Any CPU.ActiveCfg = Debug|Any CPU
		{8FA43C8F-DA99-4A0A-81A9-15819817323F}.Debug|Any CPU.Build.0 = Debug|Any CPU
		{8FA43C8F-DA99-4A0A-81A9-15819817323F}.Debug|x64.ActiveCfg = Debug|x64
		{8FA43C8F-DA99-4A0A-81A9-15819817323F}.Debug|x64.Build.0 = Debug|x64
		{8FA43C8F-DA99-4A0A-81A9-15819817323F}.Debug|x86.ActiveCfg = Debug|x86
		{8FA43C8F-DA99-4A0A-81A9-15819817323F}.Debug|x86.Build.0 = Debug|x86
		{8FA43C8F-DA99-4A0A-81A9-15819817323F}.Release|Any CPU.ActiveCfg = Release|Any CPU
		{8FA43C8F-DA99-4A0A-81A9-15819817323F}.Release|Any CPU.Build.0 = Release|Any CPU
		{8FA43C8F-DA99-4A0A-81A9-15819817323F}.Release|x64.ActiveCfg = Release|x64
		{8FA43C8F-DA99-4A0A-81A9-15819817323F}.Release|x64.Build.0 = Release|x64
		{8FA43C8F-DA99-4A0A-81A9-15819817323F}.Release|x86.ActiveCfg = Release|x86
		{8FA43C8F-DA99-4A0A-81A9-15819817323F}.Release|x86.Build.0 = Release|x86
	EndGlobalSection
	GlobalSection(SolutionProperties) = preSolution
		HideSolutionNode = FALSE
	EndGlobalSection
	GlobalSection(ExtensibilityGlobals) = postSolution
		SolutionGuid = {C380B36A-5D59-4395-80AD-B52444858EE1}
	EndGlobalSection
	GlobalSection(TeamFoundationVersionControl) = preSolution
		SccNumberOfProjects = 1
		SccEnterpriseProvider = {4CA58AB2-18FA-4F8D-95D4-32DDF27D184C}
		SccTeamFoundationServer = https://dev.azure.com/hisbidev0841
		SccProjectUniqueName0 = WMMCQueueManagementSystem\\hhmhqueuingsystem.vbproj
		SccProjectName0 = WMMCQueueManagementSystem
		SccAuxPath0 = https://dev.azure.com/hisbidev0841
		SccLocalPath0 = WMMCQueueManagementSystem
		SccProvider0 = {4CA58AB2-18FA-4F8D-95D4-32DDF27D184C}
	EndGlobalSection
EndGlobal
